
Microsoft Visual Studio Solution File, Format Version 12.00
# Visual Studio Version 16
VisualStudioVersion = 16.0.29519.87
MinimumVisualStudioVersion = 10.0.40219.1
Project("{FAE04EC0-301F-11D3-BF4B-00C04F79EFBC}") = "G4DataConvert", "G4DataConvert\G4DataConvert.csproj", "{8ADE5F6D-85B0-463B-81EA-9AE36DA4E425}"
EndProject
Global
	GlobalSection(SolutionConfigurationPlatforms) = preSolution
		Debug|Any CPU = Debug|Any CPU
		Release|Any CPU = Release|Any CPU
	EndGlobalSection
	GlobalSection(ProjectConfigurationPlatforms) = postSolution
		{8ADE5F6D-85B0-463B-81EA-9AE36DA4E425}.Debug|Any CPU.ActiveCfg = Debug|Any CPU
		{8ADE5F6D-85B0-463B-81EA-9AE36DA4E425}.Debug|Any CPU.Build.0 = Debug|Any CPU
		{8ADE5F6D-85B0-463B-81EA-9AE36DA4E425}.Release|Any CPU.ActiveCfg = Release|Any CPU
		{8ADE5F6D-85B0-463B-81EA-9AE36DA4E425}.Release|Any CPU.Build.0 = Release|Any CPU
	EndGlobalSection
	GlobalSection(SolutionProperties) = preSolution
		HideSolutionNode = FALSE
	EndGlobalSection
	GlobalSection(ExtensibilityGlobals) = postSolution
		SolutionGuid = {D1A02147-F03C-4A7D-A66B-D687EBCF6A3D}
	EndGlobalSection
EndGlobal
